
Microsoft Visual Studio Solution File, Format Version 12.00
# Visual Studio Version 17
VisualStudioVersion = 17.5.33627.172
MinimumVisualStudioVersion = 10.0.40219.1
Project("{9A19103F-16F7-4668-BE54-9A1E7A4F7556}") = "OnlineStore.Domain", "OnlineStore.Domain\OnlineStore.Domain.csproj", "{6DEC7C83-D8B1-412E-B58C-2A77F64C466E}"
EndProject
Project("{9A19103F-16F7-4668-BE54-9A1E7A4F7556}") = "OnlineStore.Infraestructure", "OnlineStore.Infraestructure\OnlineStore.Infraestructure.csproj", "{9A89046C-2B9B-4452-B05C-C388D342C765}"
EndProject
Project("{9A19103F-16F7-4668-BE54-9A1E7A4F7556}") = "OnlineStore.Application", "OnlineStore.Application\OnlineStore.Application.csproj", "{9965861C-4898-419C-A290-494C57668B97}"
EndProject
Project("{9A19103F-16F7-4668-BE54-9A1E7A4F7556}") = "OnlineStore.IOC", "OnlineStore.IOC\OnlineStore.IOC.csproj", "{E63CF3CD-9D64-42E0-B79F-854BABE5D8FD}"
EndProject
Project("{9A19103F-16F7-4668-BE54-9A1E7A4F7556}") = "OnlineStore.Api", "OnlineStore.Api\OnlineStore.Api.csproj", "{17C0D4D0-7F3B-49D5-B889-5C9A188ADBB6}"
EndProject
Project("{9A19103F-16F7-4668-BE54-9A1E7A4F7556}") = "OnlineStore.Web", "OnlineStore.Web\OnlineStore.Web.csproj", "{64833FA2-12BD-48A6-95AE-A156ABF41462}"
EndProject
Project("{FAE04EC0-301F-11D3-BF4B-00C04F79EFBC}") = "OnlineStore.Test", "OnlineStore.Test\OnlineStore.Test.csproj", "{796AD37E-28DB-4F86-A5E9-AC57407D17E5}"
EndProject
Global
	GlobalSection(SolutionConfigurationPlatforms) = preSolution
		Debug|Any CPU = Debug|Any CPU
		Release|Any CPU = Release|Any CPU
	EndGlobalSection
	GlobalSection(ProjectConfigurationPlatforms) = postSolution
		{6DEC7C83-D8B1-412E-B58C-2A77F64C466E}.Debug|Any CPU.ActiveCfg = Debug|Any CPU
		{6DEC7C83-D8B1-412E-B58C-2A77F64C466E}.Debug|Any CPU.Build.0 = Debug|Any CPU
		{6DEC7C83-D8B1-412E-B58C-2A77F64C466E}.Release|Any CPU.ActiveCfg = Release|Any CPU
		{6DEC7C83-D8B1-412E-B58C-2A77F64C466E}.Release|Any CPU.Build.0 = Release|Any CPU
		{9A89046C-2B9B-4452-B05C-C388D342C765}.Debug|Any CPU.ActiveCfg = Debug|Any CPU
		{9A89046C-2B9B-4452-B05C-C388D342C765}.Debug|Any CPU.Build.0 = Debug|Any CPU
		{9A89046C-2B9B-4452-B05C-C388D342C765}.Release|Any CPU.ActiveCfg = Release|Any CPU
		{9A89046C-2B9B-4452-B05C-C388D342C765}.Release|Any CPU.Build.0 = Release|Any CPU
		{9965861C-4898-419C-A290-494C57668B97}.Debug|Any CPU.ActiveCfg = Debug|Any CPU
		{9965861C-4898-419C-A290-494C57668B97}.Debug|Any CPU.Build.0 = Debug|Any CPU
		{9965861C-4898-419C-A290-494C57668B97}.Release|Any CPU.ActiveCfg = Release|Any CPU
		{9965861C-4898-419C-A290-494C57668B97}.Release|Any CPU.Build.0 = Release|Any CPU
		{E63CF3CD-9D64-42E0-B79F-854BABE5D8FD}.Debug|Any CPU.ActiveCfg = Debug|Any CPU
		{E63CF3CD-9D64-42E0-B79F-854BABE5D8FD}.Debug|Any CPU.Build.0 = Debug|Any CPU
		{E63CF3CD-9D64-42E0-B79F-854BABE5D8FD}.Release|Any CPU.ActiveCfg = Release|Any CPU
		{E63CF3CD-9D64-42E0-B79F-854BABE5D8FD}.Release|Any CPU.Build.0 = Release|Any CPU
		{17C0D4D0-7F3B-49D5-B889-5C9A188ADBB6}.Debug|Any CPU.ActiveCfg = Debug|Any CPU
		{17C0D4D0-7F3B-49D5-B889-5C9A188ADBB6}.Debug|Any CPU.Build.0 = Debug|Any CPU
		{17C0D4D0-7F3B-49D5-B889-5C9A188ADBB6}.Release|Any CPU.ActiveCfg = Release|Any CPU
		{17C0D4D0-7F3B-49D5-B889-5C9A188ADBB6}.Release|Any CPU.Build.0 = Release|Any CPU
		{64833FA2-12BD-48A6-95AE-A156ABF41462}.Debug|Any CPU.ActiveCfg = Debug|Any CPU
		{64833FA2-12BD-48A6-95AE-A156ABF41462}.Debug|Any CPU.Build.0 = Debug|Any CPU
		{64833FA2-12BD-48A6-95AE-A156ABF41462}.Release|Any CPU.ActiveCfg = Release|Any CPU
		{64833FA2-12BD-48A6-95AE-A156ABF41462}.Release|Any CPU.Build.0 = Release|Any CPU
		{796AD37E-28DB-4F86-A5E9-AC57407D17E5}.Debug|Any CPU.ActiveCfg = Debug|Any CPU
		{796AD37E-28DB-4F86-A5E9-AC57407D17E5}.Debug|Any CPU.Build.0 = Debug|Any CPU
		{796AD37E-28DB-4F86-A5E9-AC57407D17E5}.Release|Any CPU.ActiveCfg = Release|Any CPU
		{796AD37E-28DB-4F86-A5E9-AC57407D17E5}.Release|Any CPU.Build.0 = Release|Any CPU
	EndGlobalSection
	GlobalSection(SolutionProperties) = preSolution
		HideSolutionNode = FALSE
	EndGlobalSection
	GlobalSection(ExtensibilityGlobals) = postSolution
		SolutionGuid = {725193D2-AE03-4C79-BB6B-1783ADA87A57}
	EndGlobalSection
EndGlobal
